
Microsoft Visual Studio Solution File, Format Version 12.00
# Visual Studio Version 17
VisualStudioVersion = 17.10.35013.160
MinimumVisualStudioVersion = 10.0.40219.1
Project("{FAE04EC0-301F-11D3-BF4B-00C04F79EFBC}") = "MusicLibary", "MusicLibary\MusicLibary.csproj", "{87D15650-8E8A-48BA-BCB9-CBD1149316AB}"
EndProject
Global
	GlobalSection(SolutionConfigurationPlatforms) = preSolution
		Debug|Any CPU = Debug|Any CPU
		Release|Any CPU = Release|Any CPU
	EndGlobalSection
	GlobalSection(ProjectConfigurationPlatforms) = postSolution
		{87D15650-8E8A-48BA-BCB9-CBD1149316AB}.Debug|Any CPU.ActiveCfg = Debug|Any CPU
		{87D15650-8E8A-48BA-BCB9-CBD1149316AB}.Debug|Any CPU.Build.0 = Debug|Any CPU
		{87D15650-8E8A-48BA-BCB9-CBD1149316AB}.Release|Any CPU.ActiveCfg = Release|Any CPU
		{87D15650-8E8A-48BA-BCB9-CBD1149316AB}.Release|Any CPU.Build.0 = Release|Any CPU
	EndGlobalSection
	GlobalSection(SolutionProperties) = preSolution
		HideSolutionNode = FALSE
	EndGlobalSection
	GlobalSection(ExtensibilityGlobals) = postSolution
		SolutionGuid = {4703032E-BCF5-4C88-AB4C-826F4FF4ED90}
	EndGlobalSection
EndGlobal
